github.com/Songmu/flextime v0.1.0 h1:sss5IALl84LbvU/cS5D1cKNd5ffT94N2BZwC+esgAJI=
github.com/Songmu/flextime v0.1.0/go.mod h1:ofUSZ/qj7f1BfQQ6rEH4ovewJ0SZmLOjBF1xa8iE87Q=
github.com/aws/aws-lambda-go v1.54.0 h1:EGYpdyRGF88xszqlGcBewz811mJeRS+maNlLZXFheII=
github.com/aws/aws-lambda-go v1.54.0/go.mod h1:dpMpZgvWx5vuQJfBt0zqBha60q7Dd7RfgJv23DymV8A=
github.com/aws/aws-sdk-go-v2 v1.41.5 h1:dj5kopbwUsVUVFgO4Fi5BIT3t4WyqIDjGKCangnV/yY=
github.com/aws/aws-sdk-go-v2 v1.41.5/go.mod h1:mwsPRE8ceUUpiTgF7QmQIJ7lgsKUPQOUl3o72QBrE1o=
github.com/aws/aws-sdk-go-v2/aws/protocol/eventstream v1.7.8 h1:eBMB84YGghSocM7PsjmmPffTa+1FBUeNvGvFou6V/4o=
github.com/aws/aws-sdk-go-v2/aws/protocol/eventstream v1.7.8/go.mod h1:lyw7GFp3qENLh7kwzf7iMzAxDn+NzjXEAGjKS2UOKqI=
github.com/aws/aws-sdk-go-v2/config v1.29.16 h1:XkruGnXX1nEZ+Nyo9v84TzsX+nj86icbFAeust6uo8A=
github.com/aws/aws-sdk-go-v2/config v1.29.16/go.mod h1:uCW7PNjGwZ5cOGZ5jr8vCWrYkGIhPoTNV23Q/tpHKzg=
github.com/aws/aws-sdk-go-v2/credentials v1.17.69 h1:8B8ZQboRc3uaIKjshve/XlvJ570R7BKNy3gftSbS178=
github.com/aws/aws-sdk-go-v2/credentials v1.17.69/go.mod h1:gPME6I8grR1jCqBFEGthULiolzf/Sexq/Wy42ibKK9c=
github.com/aws/aws-sdk-go-v2/feature/ec2/imds v1.16.31 h1:oQWSGexYasNpYp4epLGZxxjsDo8BMBh6iNWkTXQvkwk=
github.com/aws/aws-sdk-go-v2/feature/ec2/imds v1.16.31/go.mod h1:nc332eGUU+djP3vrMI6blS0woaCfHTe3KiSQUVTMRq0=
github.com/aws/aws-sdk-go-v2/feature/s3/manager v1.17.79 h1:mGo6WGWry+s5GEf2GLfw3zkHad109FQmtvBV3VYQ8mA=
github.com/aws/aws-sdk-go-v2/feature/s3/manager v1.17.79/go.mod h1:siwnpWxHYFSSge7Euw9lGMgQBgvRyym352mCuGNHsMQ=
github.com/aws/aws-sdk-go-v2/internal/configsources v1.4.21 h1:Rgg6wvjjtX8bNHcvi9OnXWwcE0a2vGpbwmtICOsvcf4=
github.com/aws/aws-sdk-go-v2/internal/configsources v1.4.21/go.mod h1:A/kJFst/nm//cyqonihbdpQZwiUhhzpqTsdbhDdRF9c=
github.com/aws/aws-sdk-go-v2/internal/endpoints/v2 v2.7.21 h1:PEgGVtPoB6NTpPrBgqSE5hE/o47Ij9qk/SEZFbUOe9A=
github.com/aws/aws-sdk-go-v2/internal/endpoints/v2 v2.7.21/go.mod h1:p+hz+PRAYlY3zcpJhPwXlLC4C+kqn70WIHwnzAfs6ps=
github.com/aws/aws-sdk-go-v2/internal/ini v1.8.3 h1:bIqFDwgGXXN1Kpp99pDOdKMTTb5d2KyU5X/BZxjOkRo=
github.com/aws/aws-sdk-go-v2/internal/ini v1.8.3/go.mod h1:H5O/EsxDWyU+LP/V8i5sm8cxoZgc2fdNR9bxlOFrQTo=
github.com/aws/aws-sdk-go-v2/internal/v4a v1.4.22 h1:rWyie/PxDRIdhNf4DzRk0lvjVOqFJuNnO8WwaIRVxzQ=
github.com/aws/aws-sdk-go-v2/internal/v4a v1.4.22/go.mod h1:zd/JsJ4P7oGfUhXn1VyLqaRZwPmZwg44Jf2dS84Dm3Y=
github.com/aws/aws-sdk-go-v2/service/apigatewaymanagementapi v1.24.3 h1:bH866nhu+kh5NPs97/8vWcVaUo3yq9nu09vrZsx7sqg=
github.com/aws/aws-sdk-go-v2/service/apigatewaymanagementapi v1.24.3/go.mod h1:PnzzcnyPcVjNF1KkFa5A8Capu3ziRX9a09ivROMNOjE=
github.com/aws/aws-sdk-go-v2/service/internal/accept-encoding v1.13.7 h1:5EniKhLZe4xzL7a+fU3C2tfUN4nWIqlLesfrjkuPFTY=
github.com/aws/aws-sdk-go-v2/service/internal/accept-encoding v1.13.7/go.mod h1:x0nZssQ3qZSnIcePWLvcoFisRXJzcTVvYpAAdYX8+GI=
github.com/aws/aws-sdk-go-v2/service/internal/checksum v1.9.13 h1:JRaIgADQS/U6uXDqlPiefP32yXTda7Kqfx+LgspooZM=
github.com/aws/aws-sdk-go-v2/service/internal/checksum v1.9.13/go.mod h1:CEuVn5WqOMilYl+tbccq8+N2ieCy0gVn3OtRb0vBNNM=
github.com/aws/aws-sdk-go-v2/service/internal/presigned-url v1.13.21 h1:c31//R3xgIJMSC8S6hEVq+38DcvUlgFY0FM6mSI5oto=
github.com/aws/aws-sdk-go-v2/service/internal/presigned-url v1.13.21/go.mod h1:r6+pf23ouCB718FUxaqzZdbpYFyDtehyZcmP5KL9FkA=
github.com/aws/aws-sdk-go-v2/service/internal/s3shared v1.19.21 h1:ZlvrNcHSFFWURB8avufQq9gFsheUgjVD9536obIknfM=
github.com/aws/aws-sdk-go-v2/service/internal/s3shared v1.19.21/go.mod h1:cv3TNhVrssKR0O/xxLJVRfd2oazSnZnkUeTf6ctUwfQ=
github.com/aws/aws-sdk-go-v2/service/lambda v1.88.5 h1:HWN7xwaV7Zwrn3Jlauio4u4aTMFgRzG2fblHWQeir/k=
github.com/aws/aws-sdk-go-v2/service/lambda v1.88.5/go.mod h1:6HBXRyFFqOw+ALkJ6YGHfrr20/YXYv6X9pcZErXRvCA=
github.com/aws/aws-sdk-go-v2/service/s3 v1.97.3 h1:HwxWTbTrIHm5qY+CAEur0s/figc3qwvLWsNkF4RPToo=
github.com/aws/aws-sdk-go-v2/service/s3 v1.97.3/go.mod h1:uoA43SdFwacedBfSgfFSjjCvYe8aYBS7EnU5GZ/YKMM=
github.com/aws/aws-sdk-go-v2/service/scheduler v1.13.7 h1:euZJa9AJrIEzThmTDxPpqZk3SkgsBYxXbLRkNCGBlXM=
github.com/aws/aws-sdk-go-v2/service/scheduler v1.13.7/go.mod h1:ur+//E1wlBS79FKjszs+GQHSvyBQqXM98gGaRt2V6cY=
github.com/aws/aws-sdk-go-v2/service/sqs v1.38.7 h1:hbOlzaZYwfKhLss4XhjtcEQkVCI6BnzzYF+Wrlhtv/w=
github.com/aws/aws-sdk-go-v2/service/sqs v1.38.7/go.mod h1:cSnwA6RKvtcl0f7ORIrOdSVV6XQmdAHUDAxuQRGF/kw=
github.com/aws/aws-sdk-go-v2/service/sso v1.25.4 h1:EU58LP8ozQDVroOEyAfcq0cGc5R/FTZjVoYJ6tvby3w=
github.com/aws/aws-sdk-go-v2/service/sso v1.25.4/go.mod h1:CrtOgCcysxMvrCoHnvNAD7PHWclmoFG78Q2xLK0KKcs=
github.com/aws/aws-sdk-go-v2/service/ssooidc v1.30.2 h1:XB4z0hbQtpmBnb1FQYvKaCM7UsS6Y/u8jVBwIUGeCTk=
github.com/aws/aws-sdk-go-v2/service/ssooidc v1.30.2/go.mod h1:hwRpqkRxnQ58J9blRDrB4IanlXCpcKmsC83EhG77upg=
github.com/aws/aws-sdk-go-v2/service/sts v1.33.21 h1:nyLjs8sYJShFYj6aiyjCBI3EcLn1udWrQTjEF+SOXB0=
github.com/aws/aws-sdk-go-v2/service/sts v1.33.21/go.mod h1:EhdxtZ+g84MSGrSrHzZiUm9PYiZkrADNja15wtRJSJo=
github.com/aws/smithy-go v1.24.2 h1:FzA3bu/nt/vDvmnkg+R8Xl46gmzEDam6mZ1hzmwXFng=
github.com/aws/smithy-go v1.24.2/go.mod h1:YE2RhdIuDbA5E5bTdciG9KrW3+TiEONeUWCqxX9i1Fc=
github.com/davecgh/go-spew v1.1.1 h1:vj9j/u1bqnvCEfJOwUhtlOARqs3+rkHYY13jYWTU97c=
github.com/davecgh/go-spew v1.1.1/go.mod h1:J7Y8YcW2NihsgmVo/mv3lAwl/skON4iLHjSsI+c5H38=
github.com/fujiwara/ridge v0.13.1 h1:FXm00ucN+bt+S6AEWNlbf6CVcOYWjC5Ju6uS5ITFrH0=
github.com/fujiwara/ridge v0.13.1/go.mod h1:7IU7WrUos8KCYiNytBRCl9Q2x+XMdmeTZFWsVH33nhM=
github.com/google/go-cmp v0.6.0 h1:ofyhxvXcZhMsU5ulbFiLKl/XBFqE1GSq7atu8tAmTRI=
github.com/google/go-cmp v0.6.0/go.mod h1:17dUlkBOakJ0+DkrSSNjCkIjxS6bF9zb3elmeNGIjoY=
github.com/google/uuid v1.6.0 h1:NIvaJDMOsjHA8n1jAhLSgzrAzy1Hgr+hNrb57e+94F0=
github.com/google/uuid v1.6.0/go.mod h1:TIyPZe4MgqvfeYDBFedMoGGpEw/LqOeaOT+nhxU+yHo=
github.com/gorilla/websocket v1.5.3 h1:saDtZ6Pbx/0u+bgYQ3q96pZgCzfhKXGPqt7kZ72aNNg=
github.com/gorilla/websocket v1.5.3/go.mod h1:YR8l580nyteQvAITg2hZ9XVh4b55+EU/adAjf1fMHhE=
github.com/pires/go-proxyproto v0.12.0 h1:TTCxD66dU898tahivkqc3hoceZp7P44FnorWyo9d5vM=
github.com/pires/go-proxyproto v0.12.0/go.mod h1:qUvfqUMEoX7T8g0q7TQLDnhMjdTrxnG0hvpMn+7ePNI=
github.com/pmezard/go-difflib v1.0.0 h1:4DBwDE0NGyQoBHbLQYPwSUPoCMWR5BEzIk/f1lZbAQM=
github.com/pmezard/go-difflib v1.0.0/go.mod h1:iKH77koFhYxTK1pcRnkKkqfTogsbg7gZNVY4sRDYZ/4=
github.com/stretchr/testify v1.10.0 h1:Xv5erBjTwe/5IxqUQTdXv5kgmIvbHo3QQyRwhJsOfJA=
github.com/stretchr/testify v1.10.0/go.mod h1:r2ic/lqez/lEtzL7wO/rwa5dbSLXVDPFyf8C91i36aY=
golang.org/x/text v0.37.0 h1:Cqjiwd9eSg8e0QAkyCaQTNHFIIzWtidPahFWR83rTrc=
golang.org/x/text v0.37.0/go.mod h1:a5sjxXGs9hsn/AJVwuElvCAo9v8QYLzvavO5z2PiM38=
gopkg.in/check.v1 v0.0.0-20161208181325-20d25e280405 h1:yhCVgyC4o1eVCa2tZl7eS0r+SDo693bJlVdllGtEeKM=
gopkg.in/check.v1 v0.0.0-20161208181325-20d25e280405/go.mod h1:Co6ibVJAznAaIkqp8huTwlJQCZ016jof/cbN4VW5Yz0=
gopkg.in/yaml.v3 v3.0.1 h1:fxVm/GzAzEWqLHuvctI91KS9hhNmmWOoWu0XTYJS7CA=
gopkg.in/yaml.v3 v3.0.1/go.mod h1:K4uyk7z7BCEPqu6E+C64Yfv1cQ7kz7rIZviUmN+EgEM=
