github.com/Songmu/flextime v0.1.0 h1:sss5IALl84LbvU/cS5D1cKNd5ffT94N2BZwC+esgAJI=
github.com/Songmu/flextime v0.1.0/go.mod h1:ofUSZ/qj7f1BfQQ6rEH4ovewJ0SZmLOjBF1xa8iE87Q=
github.com/aws/aws-lambda-go v1.47.0 h1:0H8s0vumYx/YKs4sE7YM0ktwL2eWse+kfopsRI1sXVI=
github.com/aws/aws-lambda-go v1.47.0/go.mod h1:dpMpZgvWx5vuQJfBt0zqBha60q7Dd7RfgJv23DymV8A=
github.com/aws/aws-sdk-go-v2 v1.32.6 h1:7BokKRgRPuGmKkFMhEg/jSul+tB9VvXhcViILtfG8b4=
github.com/aws/aws-sdk-go-v2 v1.32.6/go.mod h1:P5WJBrYqqbWVaOxgH0X/FYYD47/nooaPOZPlQdmiN2U=
github.com/aws/aws-sdk-go-v2/aws/protocol/eventstream v1.6.7 h1:lL7IfaFzngfx0ZwUGOZdsFFnQ5uLvR0hWqqhyE7Q9M8=
github.com/aws/aws-sdk-go-v2/aws/protocol/eventstream v1.6.7/go.mod h1:QraP0UcVlQJsmHfioCrveWOC1nbiWUl3ej08h4mXWoc=
github.com/aws/aws-sdk-go-v2/config v1.28.6 h1:D89IKtGrs/I3QXOLNTH93NJYtDhm8SYa9Q5CsPShmyo=
github.com/aws/aws-sdk-go-v2/config v1.28.6/go.mod h1:GDzxJ5wyyFSCoLkS+UhGB0dArhb9mI+Co4dHtoTxbko=
github.com/aws/aws-sdk-go-v2/credentials v1.17.47 h1:48bA+3/fCdi2yAwVt+3COvmatZ6jUDNkDTIsqDiMUdw=
github.com/aws/aws-sdk-go-v2/credentials v1.17.47/go.mod h1:+KdckOejLW3Ks3b0E3b5rHsr2f9yuORBum0WPnE5o5w=
github.com/aws/aws-sdk-go-v2/feature/ec2/imds v1.16.21 h1:AmoU1pziydclFT/xRV+xXE/Vb8fttJCLRPv8oAkprc0=
github.com/aws/aws-sdk-go-v2/feature/ec2/imds v1.16.21/go.mod h1:AjUdLYe4Tgs6kpH4Bv7uMZo7pottoyHMn4eTcIcneaY=
github.com/aws/aws-sdk-go-v2/feature/s3/manager v1.17.42 h1:vEnk9vtjJ62OO2wOhEmgKMZgNcn1w0aF7XCiNXO5rK0=
github.com/aws/aws-sdk-go-v2/feature/s3/manager v1.17.42/go.mod h1:GUOPbPJWRZsdt1OJ355upCrry4d3ZFgdX6rhT7gtkto=
github.com/aws/aws-sdk-go-v2/internal/configsources v1.3.25 h1:s/fF4+yDQDoElYhfIVvSNyeCydfbuTKzhxSXDXCPasU=
github.com/aws/aws-sdk-go-v2/internal/configsources v1.3.25/go.mod h1:IgPfDv5jqFIzQSNbUEMoitNooSMXjRSDkhXv8jiROvU=
github.com/aws/aws-sdk-go-v2/internal/endpoints/v2 v2.6.25 h1:ZntTCl5EsYnhN/IygQEUugpdwbhdkom9uHcbCftiGgA=
github.com/aws/aws-sdk-go-v2/internal/endpoints/v2 v2.6.25/go.mod h1:DBdPrgeocww+CSl1C8cEV8PN1mHMBhuCDLpXezyvWkE=
github.com/aws/aws-sdk-go-v2/internal/ini v1.8.1 h1:VaRN3TlFdd6KxX1x3ILT5ynH6HvKgqdiXoTxAF4HQcQ=
github.com/aws/aws-sdk-go-v2/internal/ini v1.8.1/go.mod h1:FbtygfRFze9usAadmnGJNc8KsP346kEe+y2/oyhGAGc=
github.com/aws/aws-sdk-go-v2/internal/v4a v1.3.25 h1:r67ps7oHCYnflpgDy2LZU0MAQtQbYIOqNNnqGO6xQkE=
github.com/aws/aws-sdk-go-v2/internal/v4a v1.3.25/go.mod h1:GrGY+Q4fIokYLtjCVB/aFfCVL6hhGUFl8inD18fDalE=
github.com/aws/aws-sdk-go-v2/service/apigatewaymanagementapi v1.23.7 h1:wHVNJLwaUeChZnwKrL+5T9BgD5/hFksqbUGmOjWS+9o=
github.com/aws/aws-sdk-go-v2/service/apigatewaymanagementapi v1.23.7/go.mod h1:1PvVLpzCl3IqW8SNpM8OlOBR1ur/HFxo1Sr7AQW6kmE=
github.com/aws/aws-sdk-go-v2/service/internal/accept-encoding v1.12.1 h1:iXtILhvDxB6kPvEXgsDhGaZCSC6LQET5ZHSdJozeI0Y=
github.com/aws/aws-sdk-go-v2/service/internal/accept-encoding v1.12.1/go.mod h1:9nu0fVANtYiAePIBh2/pFUSwtJ402hLnp854CNoDOeE=
github.com/aws/aws-sdk-go-v2/service/internal/checksum v1.4.6 h1:HCpPsWqmYQieU7SS6E9HXfdAMSud0pteVXieJmcpIRI=
github.com/aws/aws-sdk-go-v2/service/internal/checksum v1.4.6/go.mod h1:ngUiVRCco++u+soRRVBIvBZxSMMvOVMXA4PJ36JLfSw=
github.com/aws/aws-sdk-go-v2/service/internal/presigned-url v1.12.6 h1:50+XsN70RS7dwJ2CkVNXzj7U2L1HKP8nqTd3XWEXBN4=
github.com/aws/aws-sdk-go-v2/service/internal/presigned-url v1.12.6/go.mod h1:WqgLmwY7so32kG01zD8CPTJWVWM+TzJoOVHwTg4aPug=
github.com/aws/aws-sdk-go-v2/service/internal/s3shared v1.18.6 h1:BbGDtTi0T1DYlmjBiCr/le3wzhA37O8QTC5/Ab8+EXk=
github.com/aws/aws-sdk-go-v2/service/internal/s3shared v1.18.6/go.mod h1:hLMJt7Q8ePgViKupeymbqI0la+t9/iYFBjxQCFwuAwI=
github.com/aws/aws-sdk-go-v2/service/lambda v1.69.1 h1:q1NrvoJiz0rm9ayKOJ9wsMGmStK6rZSY36BDICMrcuY=
github.com/aws/aws-sdk-go-v2/service/lambda v1.69.1/go.mod h1:hDj7He9kbR9T5zugnS+T21l4z6do4SEGuno/BpJLpA0=
github.com/aws/aws-sdk-go-v2/service/s3 v1.70.0 h1:HrHFR8RoS4l4EvodRMFcJMYQ8o3UhmALn2nbInXaxZA=
github.com/aws/aws-sdk-go-v2/service/s3 v1.70.0/go.mod h1:sT/iQz8JK3u/5gZkT+Hmr7GzVZehUMkRZpOaAwYXeGY=
github.com/aws/aws-sdk-go-v2/service/scheduler v1.12.7 h1:lRA+BvESWVoldCxaw3SG9UssITkVref8rlVy5xCsh0A=
github.com/aws/aws-sdk-go-v2/service/scheduler v1.12.7/go.mod h1:hCwaxwoPRJmODF1jv6HvbUyT9q7Ak43LesgkvNvZ0PI=
github.com/aws/aws-sdk-go-v2/service/sqs v1.37.2 h1:mFLfxLZB/TVQwNJAYox4WaxpIu+dFVIcExrmRmRCOhw=
github.com/aws/aws-sdk-go-v2/service/sqs v1.37.2/go.mod h1:GnvfTdlvcpD+or3oslHPOn4Mu6KaCwlCp+0p0oqWnrM=
github.com/aws/aws-sdk-go-v2/service/sso v1.24.7 h1:rLnYAfXQ3YAccocshIH5mzNNwZBkBo+bP6EhIxak6Hw=
github.com/aws/aws-sdk-go-v2/service/sso v1.24.7/go.mod h1:ZHtuQJ6t9A/+YDuxOLnbryAmITtr8UysSny3qcyvJTc=
github.com/aws/aws-sdk-go-v2/service/ssooidc v1.28.6 h1:JnhTZR3PiYDNKlXy50/pNeix9aGMo6lLpXwJ1mw8MD4=
github.com/aws/aws-sdk-go-v2/service/ssooidc v1.28.6/go.mod h1:URronUEGfXZN1VpdktPSD1EkAL9mfrV+2F4sjH38qOY=
github.com/aws/aws-sdk-go-v2/service/sts v1.33.2 h1:s4074ZO1Hk8qv65GqNXqDjmkf4HSQqJukaLuuW0TpDA=
github.com/aws/aws-sdk-go-v2/service/sts v1.33.2/go.mod h1:mVggCnIWoM09jP71Wh+ea7+5gAp53q+49wDFs1SW5z8=
github.com/aws/smithy-go v1.22.1 h1:/HPHZQ0g7f4eUeK6HKglFz8uwVfZKgoI25rb/J+dnro=
github.com/aws/smithy-go v1.22.1/go.mod h1:irrKGvNn1InZwb2d7fkIRNucdfwR8R+Ts3wxYa/cJHg=
github.com/davecgh/go-spew v1.1.0/go.mod h1:J7Y8YcW2NihsgmVo/mv3lAwl/skON4iLHjSsI+c5H38=
github.com/davecgh/go-spew v1.1.1 h1:vj9j/u1bqnvCEfJOwUhtlOARqs3+rkHYY13jYWTU97c=
github.com/davecgh/go-spew v1.1.1/go.mod h1:J7Y8YcW2NihsgmVo/mv3lAwl/skON4iLHjSsI+c5H38=
github.com/fujiwara/ridge v0.12.1 h1:MHoWAVyNovj5WB931J3dsYAtcymhvSRo7AplU3YvBcQ=
github.com/fujiwara/ridge v0.12.1/go.mod h1:FUIBF8ZHZ2BpGp14b4oMbAiESQIldmtlJ1WAwt8TUbI=
github.com/google/go-cmp v0.6.0 h1:ofyhxvXcZhMsU5ulbFiLKl/XBFqE1GSq7atu8tAmTRI=
github.com/google/go-cmp v0.6.0/go.mod h1:17dUlkBOakJ0+DkrSSNjCkIjxS6bF9zb3elmeNGIjoY=
github.com/google/uuid v1.6.0 h1:NIvaJDMOsjHA8n1jAhLSgzrAzy1Hgr+hNrb57e+94F0=
github.com/google/uuid v1.6.0/go.mod h1:TIyPZe4MgqvfeYDBFedMoGGpEw/LqOeaOT+nhxU+yHo=
github.com/gorilla/websocket v1.5.3 h1:saDtZ6Pbx/0u+bgYQ3q96pZgCzfhKXGPqt7kZ72aNNg=
github.com/gorilla/websocket v1.5.3/go.mod h1:YR8l580nyteQvAITg2hZ9XVh4b55+EU/adAjf1fMHhE=
github.com/jmespath/go-jmespath v0.4.0 h1:BEgLn5cpjn8UN1mAw4NjwDrS35OdebyEtFe+9YPoQUg=
github.com/jmespath/go-jmespath v0.4.0/go.mod h1:T8mJZnbsbmF+m6zOOFylbeCJqk5+pHWvzYPziyZiYoo=
github.com/jmespath/go-jmespath/internal/testify v1.5.1 h1:shLQSRRSCCPj3f2gpwzGwWFoC7ycTf1rcQZHOlsJ6N8=
github.com/jmespath/go-jmespath/internal/testify v1.5.1/go.mod h1:L3OGu8Wl2/fWfCI6z80xFu9LTZmf1ZRjMHUOPmWr69U=
github.com/pires/go-proxyproto v0.7.0/go.mod h1:Vz/1JPY/OACxWGQNIRY2BeyDmpoaWmEP40O9LbuiFR4=
github.com/pires/go-proxyproto v0.8.0 h1:5unRmEAPbHXHuLjDg01CxJWf91cw3lKHc/0xzKpXEe0=
github.com/pires/go-proxyproto v0.8.0/go.mod h1:iknsfgnH8EkjrMeMyvfKByp9TiBZCKZM0jx2xmKqnVY=
github.com/pmezard/go-difflib v1.0.0 h1:4DBwDE0NGyQoBHbLQYPwSUPoCMWR5BEzIk/f1lZbAQM=
github.com/pmezard/go-difflib v1.0.0/go.mod h1:iKH77koFhYxTK1pcRnkKkqfTogsbg7gZNVY4sRDYZ/4=
github.com/stretchr/objx v0.1.0/go.mod h1:HFkY916IF+rwdDfMAkV7OtwuqBVzrE8GR6GFx+wExME=
github.com/stretchr/testify v1.7.2/go.mod h1:R6va5+xMeoiuVRoj+gSkQ7d3FALtqAAGI1FQKckRals=
github.com/stretchr/testify v1.9.0 h1:HtqpIVDClZ4nwg75+f6Lvsy/wHu+3BoSGCbBAcpTsTg=
github.com/stretchr/testify v1.9.0/go.mod h1:r2ic/lqez/lEtzL7wO/rwa5dbSLXVDPFyf8C91i36aY=
golang.org/x/text v0.20.0 h1:gK/Kv2otX8gz+wn7Rmb3vT96ZwuoxnQlY+HlJVj7Qug=
golang.org/x/text v0.20.0/go.mod h1:D4IsuqiFMhST5bX19pQ9ikHC2GsaKyk/oF+pn3ducp4=
gopkg.in/check.v1 v0.0.0-20161208181325-20d25e280405 h1:yhCVgyC4o1eVCa2tZl7eS0r+SDo693bJlVdllGtEeKM=
gopkg.in/check.v1 v0.0.0-20161208181325-20d25e280405/go.mod h1:Co6ibVJAznAaIkqp8huTwlJQCZ016jof/cbN4VW5Yz0=
gopkg.in/yaml.v2 v2.2.8 h1:obN1ZagJSUGI0Ek/LBmuj4SNLPfIny3KsKFopxRdj10=
gopkg.in/yaml.v2 v2.2.8/go.mod h1:hI93XBmqTisBFMUTm0b8Fm+jr3Dg1NNxqwp+5A1VGuI=
gopkg.in/yaml.v3 v3.0.1 h1:fxVm/GzAzEWqLHuvctI91KS9hhNmmWOoWu0XTYJS7CA=
gopkg.in/yaml.v3 v3.0.1/go.mod h1:K4uyk7z7BCEPqu6E+C64Yfv1cQ7kz7rIZviUmN+EgEM=
